<?xml version="1.0" encoding="utf-8"?>
<Project ToolsVersion="4.0" xmlns="http://schemas.microsoft.com/developer/msbuild/2003">
  <ItemGroup>
    <Filter Include="src">
      <UniqueIdentifier>{a0b50d6f-08e5-4587-aa4a-6337ade9ec93}</UniqueIdentifier>
    </Filter>
    <Filter Include="include">
      <UniqueIdentifier>{1cf77556-a76a-4b7f-b6a8-3d7d482fa87b}</UniqueIdentifier>
    </Filter>
  </ItemGroup>
  <ItemGroup>
    <ClCompile Include="..\src\opening.c">
      <Filter>src</Filter>
    </ClCompile>
    <ClCompile Include="..\src\board.c">
      <Filter>src</Filter>
    </ClCompile>
    <ClCompile Include="..\src\com.c">
      <Filter>src</Filter>
    </ClCompile>
    <ClCompile Include="..\src\evaluator.c">
      <Filter>src</Filter>
    </ClCompile>
    <ClCompile Include="..\src\hash.c">
      <Filter>src</Filter>
    </ClCompile>
    <ClCompile Include="..\src\main.c">
      <Filter>src</Filter>
    </ClCompile>
  </ItemGroup>
  <ItemGroup>
    <ClInclude Include="..\include\hash.h">
      <Filter>include</Filter>
    </ClInclude>
    <ClInclude Include="..\include\board.h">
      <Filter>include</Filter>
    </ClInclude>
    <ClInclude Include="..\include\com.h">
      <Filter>include</Filter>
    </ClInclude>
    <ClInclude Include="..\include\opening.h">
      <Filter>include</Filter>
    </ClInclude>
    <ClInclude Include="..\include\evaluator.h">
      <Filter>include</Filter>
    </ClInclude>
  </ItemGroup>
</Project>